// !$*UTF8*$!
{
	archiveVersion = 1;
	classes = {
	};
	objectVersion = 50;
	objects = {

/* Begin PBXBuildFile section */
		BE2335D52347E2C4003A67A1 /* AppDelegate.swift in Sources */ = {isa = PBXBuildFile; fileRef = BE2335D42347E2C4003A67A1 /* AppDelegate.swift */; };
		BE2335D72347E2C4003A67A1 /* SceneDelegate.swift in Sources */ = {isa = PBXBuildFile; fileRef = BE2335D62347E2C4003A67A1 /* SceneDelegate.swift */; };
		BE2335D92347E2C4003A67A1 /* ViewController.swift in Sources */ = {isa = PBXBuildFile; fileRef = BE2335D82347E2C4003A67A1 /* ViewController.swift */; };
		BE2335DC2347E2C4003A67A1 /* Main.storyboard in Resources */ = {isa = PBXBuildFile; fileRef = BE2335DA2347E2C4003A67A1 /* Main.storyboard */; };
		BE2335DE2347E2C6003A67A1 /* Assets.xcassets in Resources */ = {isa = PBXBuildFile; fileRef = BE2335DD2347E2C6003A67A1 /* Assets.xcassets */; };
		BE2335E12347E2C6003A67A1 /* LaunchScreen.storyboard in Resources */ = {isa = PBXBuildFile; fileRef = BE2335DF2347E2C6003A67A1 /* LaunchScreen.storyboard */; };
		BE2335EA2347F712003A67A1 /* Extensions.swift in Sources */ = {isa = PBXBuildFile; fileRef = BE2335E92347F712003A67A1 /* Extensions.swift */; };
		BEADA26A234BC48D00190ED5 /* Obfuscator.swift in Sources */ = {isa = PBXBuildFile; fileRef = BEADA269234BC48D00190ED5 /* Obfuscator.swift */; };
		BEADA274234BD69700190ED5 /* configInfo.data in Resources */ = {isa = PBXBuildFile; fileRef = BEADA273234BD69700190ED5 /* configInfo.data */; };
		BEEB4E38234BA73600936609 /* EncryptedFileDataAdapter.swift in Sources */ = {isa = PBXBuildFile; fileRef = BEEB4E37234BA73600936609 /* EncryptedFileDataAdapter.swift */; };
		BEEB4E3B234BB35D00936609 /* ConfigurationController.swift in Sources */ = {isa = PBXBuildFile; fileRef = BEEB4E3A234BB35D00936609 /* ConfigurationController.swift */; };
/* End PBXBuildFile section */

/* Begin PBXFileReference section */
		BE2335D12347E2C4003A67A1 /* CryptoTest.app */ = {isa = PBXFileReference; explicitFileType = wrapper.application; includeInIndex = 0; path = CryptoTest.app; sourceTree = BUILT_PRODUCTS_DIR; };
		BE2335D42347E2C4003A67A1 /* AppDelegate.swift */ = {isa = PBXFileReference; lastKnownFileType = sourcecode.swift; path = AppDelegate.swift; sourceTree = "<group>"; };
		BE2335D62347E2C4003A67A1 /* SceneDelegate.swift */ = {isa = PBXFileReference; lastKnownFileType = sourcecode.swift; path = SceneDelegate.swift; sourceTree = "<group>"; };
		BE2335D82347E2C4003A67A1 /* ViewController.swift */ = {isa = PBXFileReference; lastKnownFileType = sourcecode.swift; path = ViewController.swift; sourceTree = "<group>"; };
		BE2335DB2347E2C4003A67A1 /* Base */ = {isa = PBXFileReference; lastKnownFileType = file.storyboard; name = Base; path = Base.lproj/Main.storyboard; sourceTree = "<group>"; };
		BE2335DD2347E2C6003A67A1 /* Assets.xcassets */ = {isa = PBXFileReference; lastKnownFileType = folder.assetcatalog; path = Assets.xcassets; sourceTree = "<group>"; };
		BE2335E02347E2C6003A67A1 /* Base */ = {isa = PBXFileReference; lastKnownFileType = file.storyboard; name = Base; path = Base.lproj/LaunchScreen.storyboard; sourceTree = "<group>"; };
		BE2335E22347E2C6003A67A1 /* Info.plist */ = {isa = PBXFileReference; lastKnownFileType = text.plist.xml; path = Info.plist; sourceTree = "<group>"; };
		BE2335E92347F712003A67A1 /* Extensions.swift */ = {isa = PBXFileReference; lastKnownFileType = sourcecode.swift; path = Extensions.swift; sourceTree = "<group>"; };
		BEADA269234BC48D00190ED5 /* Obfuscator.swift */ = {isa = PBXFileReference; lastKnownFileType = sourcecode.swift; path = Obfuscator.swift; sourceTree = "<group>"; };
		BEADA273234BD69700190ED5 /* configInfo.data */ = {isa = PBXFileReference; lastKnownFileType = file; path = configInfo.data; sourceTree = "<group>"; };
		BEEB4E37234BA73600936609 /* EncryptedFileDataAdapter.swift */ = {isa = PBXFileReference; lastKnownFileType = sourcecode.swift; path = EncryptedFileDataAdapter.swift; sourceTree = "<group>"; };
		BEEB4E3A234BB35D00936609 /* ConfigurationController.swift */ = {isa = PBXFileReference; lastKnownFileType = sourcecode.swift; path = ConfigurationController.swift; sourceTree = "<group>"; };
/* End PBXFileReference section */

/* Begin PBXFrameworksBuildPhase section */
		BE2335CE2347E2C4003A67A1 /* Frameworks */ = {
			isa = PBXFrameworksBuildPhase;
			buildActionMask = 2147483647;
			files = (
			);
			runOnlyForDeploymentPostprocessing = 0;
		};
/* End PBXFrameworksBuildPhase section */

/* Begin PBXGroup section */
		BE2335C82347E2C4003A67A1 = {
			isa = PBXGroup;
			children = (
				BE2335D32347E2C4003A67A1 /* CryptoTest */,
				BE2335D22347E2C4003A67A1 /* Products */,
			);
			sourceTree = "<group>";
		};
		BE2335D22347E2C4003A67A1 /* Products */ = {
			isa = PBXGroup;
			children = (
				BE2335D12347E2C4003A67A1 /* CryptoTest.app */,
			);
			name = Products;
			sourceTree = "<group>";
		};
		BE2335D32347E2C4003A67A1 /* CryptoTest */ = {
			isa = PBXGroup;
			children = (
				BE67B0AC2359E3EE00F1ADA2 /* Data */,
				BE67B0AB2359E3DE00F1ADA2 /* Encryption Tools */,
				BE67B0AA2359E3D800F1ADA2 /* UI */,
				BE2335D42347E2C4003A67A1 /* AppDelegate.swift */,
				BE2335D62347E2C4003A67A1 /* SceneDelegate.swift */,
				BE2335DA2347E2C4003A67A1 /* Main.storyboard */,
				BE2335DD2347E2C6003A67A1 /* Assets.xcassets */,
				BE2335DF2347E2C6003A67A1 /* LaunchScreen.storyboard */,
				BE2335E22347E2C6003A67A1 /* Info.plist */,
			);
			path = CryptoTest;
			sourceTree = "<group>";
		};
		BE67B0AA2359E3D800F1ADA2 /* UI */ = {
			isa = PBXGroup;
			children = (
				BE2335D82347E2C4003A67A1 /* ViewController.swift */,
			);
			path = UI;
			sourceTree = "<group>";
		};
		BE67B0AB2359E3DE00F1ADA2 /* Encryption Tools */ = {
			isa = PBXGroup;
			children = (
				BE2335E92347F712003A67A1 /* Extensions.swift */,
				BEEB4E37234BA73600936609 /* EncryptedFileDataAdapter.swift */,
				BEEB4E3A234BB35D00936609 /* ConfigurationController.swift */,
				BEADA269234BC48D00190ED5 /* Obfuscator.swift */,
			);
			path = "Encryption Tools";
			sourceTree = "<group>";
		};
		BE67B0AC2359E3EE00F1ADA2 /* Data */ = {
			isa = PBXGroup;
			children = (
				BEADA273234BD69700190ED5 /* configInfo.data */,
			);
			path = Data;
			sourceTree = "<group>";
		};
/* End PBXGroup section */

/* Begin PBXNativeTarget section */
		BE2335D02347E2C4003A67A1 /* CryptoTest */ = {
			isa = PBXNativeTarget;
			buildConfigurationList = BE2335E52347E2C6003A67A1 /* Build configuration list for PBXNativeTarget "CryptoTest" */;
			buildPhases = (
				BE2335CD2347E2C4003A67A1 /* Sources */,
				BE2335CE2347E2C4003A67A1 /* Frameworks */,
				BE2335CF2347E2C4003A67A1 /* Resources */,
			);
			buildRules = (
			);
			dependencies = (
			);
			name = CryptoTest;
			productName = CryptoTest;
			productReference = BE2335D12347E2C4003A67A1 /* CryptoTest.app */;
			productType = "com.apple.product-type.application";
		};
/* End PBXNativeTarget section */

/* Begin PBXProject section */
		BE2335C92347E2C4003A67A1 /* Project object */ = {
			isa = PBXProject;
			attributes = {
				LastSwiftUpdateCheck = 1100;
				LastUpgradeCheck = 1100;
				ORGANIZATIONNAME = "Michael Thornton";
				TargetAttributes = {
					BE2335D02347E2C4003A67A1 = {
						CreatedOnToolsVersion = 11.0;
					};
				};
			};
			buildConfigurationList = BE2335CC2347E2C4003A67A1 /* Build configuration list for PBXProject "CryptoTest" */;
			compatibilityVersion = "Xcode 9.3";
			developmentRegion = en;
			hasScannedForEncodings = 0;
			knownRegions = (
				en,
				Base,
			);
			mainGroup = BE2335C82347E2C4003A67A1;
			productRefGroup = BE2335D22347E2C4003A67A1 /* Products */;
			projectDirPath = "";
			projectRoot = "";
			targets = (
				BE2335D02347E2C4003A67A1 /* CryptoTest */,
			);
		};
/* End PBXProject section */

/* Begin PBXResourcesBuildPhase section */
		BE2335CF2347E2C4003A67A1 /* Resources */ = {
			isa = PBXResourcesBuildPhase;
			buildActionMask = 2147483647;
			files = (
				BE2335E12347E2C6003A67A1 /* LaunchScreen.storyboard in Resources */,
				BEADA274234BD69700190ED5 /* configInfo.data in Resources */,
				BE2335DE2347E2C6003A67A1 /* Assets.xcassets in Resources */,
				BE2335DC2347E2C4003A67A1 /* Main.storyboard in Resources */,
			);
			runOnlyForDeploymentPostprocessing = 0;
		};
/* End PBXResourcesBuildPhase section */

/* Begin PBXSourcesBuildPhase section */
		BE2335CD2347E2C4003A67A1 /* Sources */ = {
			isa = PBXSourcesBuildPhase;
			buildActionMask = 2147483647;
			files = (
				BEEB4E38234BA73600936609 /* EncryptedFileDataAdapter.swift in Sources */,
				BE2335D92347E2C4003A67A1 /* ViewController.swift in Sources */,
				BE2335D52347E2C4003A67A1 /* AppDelegate.swift in Sources */,
				BEADA26A234BC48D00190ED5 /* Obfuscator.swift in Sources */,
				BE2335D72347E2C4003A67A1 /* SceneDelegate.swift in Sources */,
				BEEB4E3B234BB35D00936609 /* ConfigurationController.swift in Sources */,
				BE2335EA2347F712003A67A1 /* Extensions.swift in Sources */,
			);
			runOnlyForDeploymentPostprocessing = 0;
		};
/* End PBXSourcesBuildPhase section */

/* Begin PBXVariantGroup section */
		BE2335DA2347E2C4003A67A1 /* Main.storyboard */ = {
			isa = PBXVariantGroup;
			children = (
				BE2335DB2347E2C4003A67A1 /* Base */,
			);
			name = Main.storyboard;
			sourceTree = "<group>";
		};
		BE2335DF2347E2C6003A67A1 /* LaunchScreen.storyboard */ = {
			isa = PBXVariantGroup;
			children = (
				BE2335E02347E2C6003A67A1 /* Base */,
			);
			name = LaunchScreen.storyboard;
			sourceTree = "<group>";
		};
/* End PBXVariantGroup section */

/* Begin XCBuildConfiguration section */
		BE2335E32347E2C6003A67A1 /* Debug */ = {
			isa = XCBuildConfiguration;
			buildSettings = {
				ALWAYS_SEARCH_USER_PATHS = NO;
				CLANG_ANALYZER_NONNULL = YES;
				CLANG_ANALYZER_NUMBER_OBJECT_CONVERSION = YES_AGGRESSIVE;
				CLANG_CXX_LANGUAGE_STANDARD = "gnu++14";
				CLANG_CXX_LIBRARY = "libc++";
				CLANG_ENABLE_MODULES = YES;
				CLANG_ENABLE_OBJC_ARC = YES;
				CLANG_ENABLE_OBJC_WEAK = YES;
				CLANG_WARN_BLOCK_CAPTURE_AUTORELEASING = YES;
				CLANG_WARN_BOOL_CONVERSION = YES;
				CLANG_WARN_COMMA = YES;
				CLANG_WARN_CONSTANT_CONVERSION = YES;
				CLANG_WARN_DEPRECATED_OBJC_IMPLEMENTATIONS = YES;
				CLANG_WARN_DIRECT_OBJC_ISA_USAGE = YES_ERROR;
				CLANG_WARN_DOCUMENTATION_COMMENTS = YES;
				CLANG_WARN_EMPTY_BODY = YES;
				CLANG_WARN_ENUM_CONVERSION = YES;
				CLANG_WARN_INFINITE_RECURSION = YES;
				CLANG_WARN_INT_CONVERSION = YES;
				CLANG_WARN_NON_LITERAL_NULL_CONVERSION = YES;
				CLANG_WARN_OBJC_IMPLICIT_RETAIN_SELF = YES;
				CLANG_WARN_OBJC_LITERAL_CONVERSION = YES;
				CLANG_WARN_OBJC_ROOT_CLASS = YES_ERROR;
				CLANG_WARN_RANGE_LOOP_ANALYSIS = YES;
				CLANG_WARN_STRICT_PROTOTYPES = YES;
				CLANG_WARN_SUSPICIOUS_MOVE = YES;
				CLANG_WARN_UNGUARDED_AVAILABILITY = YES_AGGRESSIVE;
				CLANG_WARN_UNREACHABLE_CODE = YES;
				CLANG_WARN__DUPLICATE_METHOD_MATCH = YES;
				COPY_PHASE_STRIP = NO;
				DEBUG_INFORMATION_FORMAT = dwarf;
				ENABLE_STRICT_OBJC_MSGSEND = YES;
				ENABLE_TESTABILITY = YES;
				GCC_C_LANGUAGE_STANDARD = gnu11;
				GCC_DYNAMIC_NO_PIC = NO;
				GCC_NO_COMMON_BLOCKS = YES;
				GCC_OPTIMIZATION_LEVEL = 0;
				GCC_PREPROCESSOR_DEFINITIONS = (
					"DEBUG=1",
					"$(inherited)",
				);
				GCC_WARN_64_TO_32_BIT_CONVERSION = YES;
				GCC_WARN_ABOUT_RETURN_TYPE = YES_ERROR;
				GCC_WARN_UNDECLARED_SELECTOR = YES;
				GCC_WARN_UNINITIALIZED_AUTOS = YES_AGGRESSIVE;
				GCC_WARN_UNUSED_FUNCTION = YES;
				GCC_WARN_UNUSED_VARIABLE = YES;
				IPHONEOS_DEPLOYMENT_TARGET = 13.0;
				MTL_ENABLE_DEBUG_INFO = INCLUDE_SOURCE;
				MTL_FAST_MATH = YES;
				ONLY_ACTIVE_ARCH = YES;
				SDKROOT = iphoneos;
				SWIFT_ACTIVE_COMPILATION_CONDITIONS = DEBUG;
				SWIFT_OPTIMIZATION_LEVEL = "-Onone";
			};
			name = Debug;
		};
		BE2335E42347E2C6003A67A1 /* Release */ = {
			isa = XCBuildConfiguration;
			buildSettings = {
				ALWAYS_SEARCH_USER_PATHS = NO;
				CLANG_ANALYZER_NONNULL = YES;
				CLANG_ANALYZER_NUMBER_OBJECT_CONVERSION = YES_AGGRESSIVE;
				CLANG_CXX_LANGUAGE_STANDARD = "gnu++14";
				CLANG_CXX_LIBRARY = "libc++";
				CLANG_ENABLE_MODULES = YES;
				CLANG_ENABLE_OBJC_ARC = YES;
				CLANG_ENABLE_OBJC_WEAK = YES;
				CLANG_WARN_BLOCK_CAPTURE_AUTORELEASING = YES;
				CLANG_WARN_BOOL_CONVERSION = YES;
				CLANG_WARN_COMMA = YES;
				CLANG_WARN_CONSTANT_CONVERSION = YES;
				CLANG_WARN_DEPRECATED_OBJC_IMPLEMENTATIONS = YES;
				CLANG_WARN_DIRECT_OBJC_ISA_USAGE = YES_ERROR;
				CLANG_WARN_DOCUMENTATION_COMMENTS = YES;
				CLANG_WARN_EMPTY_BODY = YES;
				CLANG_WARN_ENUM_CONVERSION = YES;
				CLANG_WARN_INFINITE_RECURSION = YES;
				CLANG_WARN_INT_CONVERSION = YES;
				CLANG_WARN_NON_LITERAL_NULL_CONVERSION = YES;
				CLANG_WARN_OBJC_IMPLICIT_RETAIN_SELF = YES;
				CLANG_WARN_OBJC_LITERAL_CONVERSION = YES;
				CLANG_WARN_OBJC_ROOT_CLASS = YES_ERROR;
				CLANG_WARN_RANGE_LOOP_ANALYSIS = YES;
				CLANG_WARN_STRICT_PROTOTYPES = YES;
				CLANG_WARN_SUSPICIOUS_MOVE = YES;
				CLANG_WARN_UNGUARDED_AVAILABILITY = YES_AGGRESSIVE;
				CLANG_WARN_UNREACHABLE_CODE = YES;
				CLANG_WARN__DUPLICATE_METHOD_MATCH = YES;
				COPY_PHASE_STRIP = NO;
				DEBUG_INFORMATION_FORMAT = "dwarf-with-dsym";
				ENABLE_NS_ASSERTIONS = NO;
				ENABLE_STRICT_OBJC_MSGSEND = YES;
				GCC_C_LANGUAGE_STANDARD = gnu11;
				GCC_NO_COMMON_BLOCKS = YES;
				GCC_WARN_64_TO_32_BIT_CONVERSION = YES;
				GCC_WARN_ABOUT_RETURN_TYPE = YES_ERROR;
				GCC_WARN_UNDECLARED_SELECTOR = YES;
				GCC_WARN_UNINITIALIZED_AUTOS = YES_AGGRESSIVE;
				GCC_WARN_UNUSED_FUNCTION = YES;
				GCC_WARN_UNUSED_VARIABLE = YES;
				IPHONEOS_DEPLOYMENT_TARGET = 13.0;
				MTL_ENABLE_DEBUG_INFO = NO;
				MTL_FAST_MATH = YES;
				SDKROOT = iphoneos;
				SWIFT_COMPILATION_MODE = wholemodule;
				SWIFT_OPTIMIZATION_LEVEL = "-O";
				VALIDATE_PRODUCT = YES;
			};
			name = Release;
		};
		BE2335E62347E2C6003A67A1 /* Debug */ = {
			isa = XCBuildConfiguration;
			buildSettings = {
				ASSETCATALOG_COMPILER_APPICON_NAME = AppIcon;
				CODE_SIGN_STYLE = Automatic;
				DEVELOPMENT_TEAM = AUF4WKFYV4;
				INFOPLIST_FILE = CryptoTest/Info.plist;
				LD_RUNPATH_SEARCH_PATHS = (
					"$(inherited)",
					"@executable_path/Frameworks",
				);
				PRODUCT_BUNDLE_IDENTIFIER = com.mojomolo.CryptoTest;
				PRODUCT_NAME = "$(TARGET_NAME)";
				SWIFT_VERSION = 5.0;
				TARGETED_DEVICE_FAMILY = "1,2";
			};
			name = Debug;
		};
		BE2335E72347E2C6003A67A1 /* Release */ = {
			isa = XCBuildConfiguration;
			buildSettings = {
				ASSETCATALOG_COMPILER_APPICON_NAME = AppIcon;
				CODE_SIGN_STYLE = Automatic;
				DEVELOPMENT_TEAM = AUF4WKFYV4;
				INFOPLIST_FILE = CryptoTest/Info.plist;
				LD_RUNPATH_SEARCH_PATHS = (
					"$(inherited)",
					"@executable_path/Frameworks",
				);
				PRODUCT_BUNDLE_IDENTIFIER = com.mojomolo.CryptoTest;
				PRODUCT_NAME = "$(TARGET_NAME)";
				SWIFT_VERSION = 5.0;
				TARGETED_DEVICE_FAMILY = "1,2";
			};
			name = Release;
		};
/* End XCBuildConfiguration section */

/* Begin XCConfigurationList section */
		BE2335CC2347E2C4003A67A1 /* Build configuration list for PBXProject "CryptoTest" */ = {
			isa = XCConfigurationList;
			buildConfigurations = (
				BE2335E32347E2C6003A67A1 /* Debug */,
				BE2335E42347E2C6003A67A1 /* Release */,
			);
			defaultConfigurationIsVisible = 0;
			defaultConfigurationName = Release;
		};
		BE2335E52347E2C6003A67A1 /* Build configuration list for PBXNativeTarget "CryptoTest" */ = {
			isa = XCConfigurationList;
			buildConfigurations = (
				BE2335E62347E2C6003A67A1 /* Debug */,
				BE2335E72347E2C6003A67A1 /* Release */,
			);
			defaultConfigurationIsVisible = 0;
			defaultConfigurationName = Release;
		};
/* End XCConfigurationList section */
	};
	rootObject = BE2335C92347E2C4003A67A1 /* Project object */;
}
